
Microsoft Visual Studio Solution File, Format Version 12.00
# Visual Studio 15
VisualStudioVersion = 15.0.27130.2024
MinimumVisualStudioVersion = 10.0.40219.1
Project("{FAE04EC0-301F-11D3-BF4B-00C04F79EFBC}") = "Utils", "Utils\Utils.csproj", "{0C3F2F08-6816-49FD-BB13-8526E43ACCC6}"
EndProject
Project("{FAE04EC0-301F-11D3-BF4B-00C04F79EFBC}") = "ExcelHelper", "Npoi\ExcelHelper.csproj", "{72775862-4B64-4916-821C-85E7B3F5AF94}"
EndProject
Project("{FAE04EC0-301F-11D3-BF4B-00C04F79EFBC}") = "ImageHelper", "ImageHelper\ImageHelper.csproj", "{F519F1E9-29C7-4032-9A0E-68A0EBF1496B}"
EndProject
Project("{FAE04EC0-301F-11D3-BF4B-00C04F79EFBC}") = "BaseForm", "BaseForm\BaseForm.csproj", "{71E0AFE5-A5CB-4240-933F-AC3D1E3DA15D}"
EndProject
Global
	GlobalSection(SolutionConfigurationPlatforms) = preSolution
		Debug|Any CPU = Debug|Any CPU
		Release|Any CPU = Release|Any CPU
	EndGlobalSection
	GlobalSection(ProjectConfigurationPlatforms) = postSolution
		{0C3F2F08-6816-49FD-BB13-8526E43ACCC6}.Debug|Any CPU.ActiveCfg = Debug|Any CPU
		{0C3F2F08-6816-49FD-BB13-8526E43ACCC6}.Debug|Any CPU.Build.0 = Debug|Any CPU
		{0C3F2F08-6816-49FD-BB13-8526E43ACCC6}.Release|Any CPU.ActiveCfg = Release|Any CPU
		{0C3F2F08-6816-49FD-BB13-8526E43ACCC6}.Release|Any CPU.Build.0 = Release|Any CPU
		{72775862-4B64-4916-821C-85E7B3F5AF94}.Debug|Any CPU.ActiveCfg = Debug|Any CPU
		{72775862-4B64-4916-821C-85E7B3F5AF94}.Debug|Any CPU.Build.0 = Debug|Any CPU
		{72775862-4B64-4916-821C-85E7B3F5AF94}.Release|Any CPU.ActiveCfg = Release|Any CPU
		{72775862-4B64-4916-821C-85E7B3F5AF94}.Release|Any CPU.Build.0 = Release|Any CPU
		{F519F1E9-29C7-4032-9A0E-68A0EBF1496B}.Debug|Any CPU.ActiveCfg = Debug|Any CPU
		{F519F1E9-29C7-4032-9A0E-68A0EBF1496B}.Debug|Any CPU.Build.0 = Debug|Any CPU
		{F519F1E9-29C7-4032-9A0E-68A0EBF1496B}.Release|Any CPU.ActiveCfg = Release|Any CPU
		{F519F1E9-29C7-4032-9A0E-68A0EBF1496B}.Release|Any CPU.Build.0 = Release|Any CPU
		{71E0AFE5-A5CB-4240-933F-AC3D1E3DA15D}.Debug|Any CPU.ActiveCfg = Debug|Any CPU
		{71E0AFE5-A5CB-4240-933F-AC3D1E3DA15D}.Debug|Any CPU.Build.0 = Debug|Any CPU
		{71E0AFE5-A5CB-4240-933F-AC3D1E3DA15D}.Release|Any CPU.ActiveCfg = Release|Any CPU
		{71E0AFE5-A5CB-4240-933F-AC3D1E3DA15D}.Release|Any CPU.Build.0 = Release|Any CPU
	EndGlobalSection
	GlobalSection(SolutionProperties) = preSolution
		HideSolutionNode = FALSE
	EndGlobalSection
	GlobalSection(ExtensibilityGlobals) = postSolution
		SolutionGuid = {FAE4CFA7-E097-44EA-9741-02B3338C7180}
	EndGlobalSection
EndGlobal
