
Microsoft Visual Studio Solution File, Format Version 12.00
# Visual Studio 14
VisualStudioVersion = 14.0.25420.1
MinimumVisualStudioVersion = 10.0.40219.1
Project("{FAE04EC0-301F-11D3-BF4B-00C04F79EFBC}") = "Utils", "Utils\Utils.csproj", "{0C3F2F08-6816-49FD-BB13-8526E43ACCC6}"
EndProject
Project("{FAE04EC0-301F-11D3-BF4B-00C04F79EFBC}") = "WCF", "WCF\WCF.csproj", "{4BB72AF9-EADB-418A-9764-18DC29BE749D}"
EndProject
Project("{FAE04EC0-301F-11D3-BF4B-00C04F79EFBC}") = "Controls", "Controls\Controls.csproj", "{BE23EE38-66C5-46A6-B064-7B98F3A43C4B}"
EndProject
Project("{FAE04EC0-301F-11D3-BF4B-00C04F79EFBC}") = "Compression", "Compression\Compression.csproj", "{47F12CE7-867D-4847-8B74-D405B75C33DF}"
EndProject
Project("{FAE04EC0-301F-11D3-BF4B-00C04F79EFBC}") = "GZipEncoder", "GZipEncoder\GZipEncoder.csproj", "{3EB736C4-62EA-4887-B040-948B13EF29B9}"
EndProject
Project("{FAE04EC0-301F-11D3-BF4B-00C04F79EFBC}") = "CustomEncoder", "CustomEncoder\CustomEncoder.csproj", "{F2937362-E927-44E3-9E53-8576EBA39B23}"
EndProject
Global
	GlobalSection(SolutionConfigurationPlatforms) = preSolution
		Debug|Any CPU = Debug|Any CPU
		Release|Any CPU = Release|Any CPU
	EndGlobalSection
	GlobalSection(ProjectConfigurationPlatforms) = postSolution
		{0C3F2F08-6816-49FD-BB13-8526E43ACCC6}.Debug|Any CPU.ActiveCfg = Debug|Any CPU
		{0C3F2F08-6816-49FD-BB13-8526E43ACCC6}.Debug|Any CPU.Build.0 = Debug|Any CPU
		{0C3F2F08-6816-49FD-BB13-8526E43ACCC6}.Release|Any CPU.ActiveCfg = Release|Any CPU
		{0C3F2F08-6816-49FD-BB13-8526E43ACCC6}.Release|Any CPU.Build.0 = Release|Any CPU
		{4BB72AF9-EADB-418A-9764-18DC29BE749D}.Debug|Any CPU.ActiveCfg = Debug|Any CPU
		{4BB72AF9-EADB-418A-9764-18DC29BE749D}.Debug|Any CPU.Build.0 = Debug|Any CPU
		{4BB72AF9-EADB-418A-9764-18DC29BE749D}.Release|Any CPU.ActiveCfg = Release|Any CPU
		{4BB72AF9-EADB-418A-9764-18DC29BE749D}.Release|Any CPU.Build.0 = Release|Any CPU
		{BE23EE38-66C5-46A6-B064-7B98F3A43C4B}.Debug|Any CPU.ActiveCfg = Debug|Any CPU
		{BE23EE38-66C5-46A6-B064-7B98F3A43C4B}.Debug|Any CPU.Build.0 = Debug|Any CPU
		{BE23EE38-66C5-46A6-B064-7B98F3A43C4B}.Release|Any CPU.ActiveCfg = Release|Any CPU
		{BE23EE38-66C5-46A6-B064-7B98F3A43C4B}.Release|Any CPU.Build.0 = Release|Any CPU
		{47F12CE7-867D-4847-8B74-D405B75C33DF}.Debug|Any CPU.ActiveCfg = Debug|Any CPU
		{47F12CE7-867D-4847-8B74-D405B75C33DF}.Debug|Any CPU.Build.0 = Debug|Any CPU
		{47F12CE7-867D-4847-8B74-D405B75C33DF}.Release|Any CPU.ActiveCfg = Release|Any CPU
		{47F12CE7-867D-4847-8B74-D405B75C33DF}.Release|Any CPU.Build.0 = Release|Any CPU
		{3EB736C4-62EA-4887-B040-948B13EF29B9}.Debug|Any CPU.ActiveCfg = Debug|Any CPU
		{3EB736C4-62EA-4887-B040-948B13EF29B9}.Debug|Any CPU.Build.0 = Debug|Any CPU
		{3EB736C4-62EA-4887-B040-948B13EF29B9}.Release|Any CPU.ActiveCfg = Release|Any CPU
		{3EB736C4-62EA-4887-B040-948B13EF29B9}.Release|Any CPU.Build.0 = Release|Any CPU
		{F2937362-E927-44E3-9E53-8576EBA39B23}.Debug|Any CPU.ActiveCfg = Debug|Any CPU
		{F2937362-E927-44E3-9E53-8576EBA39B23}.Debug|Any CPU.Build.0 = Debug|Any CPU
		{F2937362-E927-44E3-9E53-8576EBA39B23}.Release|Any CPU.ActiveCfg = Release|Any CPU
		{F2937362-E927-44E3-9E53-8576EBA39B23}.Release|Any CPU.Build.0 = Release|Any CPU
	EndGlobalSection
	GlobalSection(SolutionProperties) = preSolution
		HideSolutionNode = FALSE
	EndGlobalSection
EndGlobal
